
Microsoft Visual Studio Solution File, Format Version 12.00
# Visual Studio Version 17
VisualStudioVersion = 17.9.34622.214
MinimumVisualStudioVersion = 10.0.40219.1
Project("{FAE04EC0-301F-11D3-BF4B-00C04F79EFBC}") = "detghi", "detghi\detghi.csproj", "{0BAEE194-E4EB-410C-8701-DBDF94C4B720}"
EndProject
Global
	GlobalSection(SolutionConfigurationPlatforms) = preSolution
		Debug|Any CPU = Debug|Any CPU
		Release|Any CPU = Release|Any CPU
	EndGlobalSection
	GlobalSection(ProjectConfigurationPlatforms) = postSolution
		{0BAEE194-E4EB-410C-8701-DBDF94C4B720}.Debug|Any CPU.ActiveCfg = Debug|Any CPU
		{0BAEE194-E4EB-410C-8701-DBDF94C4B720}.Debug|Any CPU.Build.0 = Debug|Any CPU
		{0BAEE194-E4EB-410C-8701-DBDF94C4B720}.Release|Any CPU.ActiveCfg = Release|Any CPU
		{0BAEE194-E4EB-410C-8701-DBDF94C4B720}.Release|Any CPU.Build.0 = Release|Any CPU
	EndGlobalSection
	GlobalSection(SolutionProperties) = preSolution
		HideSolutionNode = FALSE
	EndGlobalSection
	GlobalSection(ExtensibilityGlobals) = postSolution
		SolutionGuid = {5B4CEFDA-DE35-4817-B871-9F0F18ED5A63}
	EndGlobalSection
EndGlobal
